// !$*UTF8*$!
{
	archiveVersion = 1;
	classes = {
	};
	objectVersion = 50;
	objects = {

/* Begin PBXBuildFile section */
		532169EA2401F4BD00C9D2D2 /* aiDee.framework in Frameworks */ = {isa = PBXBuildFile; fileRef = 532169E02401F4BD00C9D2D2 /* aiDee.framework */; };
		532169EF2401F4BD00C9D2D2 /* BiometricAuthenticationTests.swift in Sources */ = {isa = PBXBuildFile; fileRef = 532169EE2401F4BD00C9D2D2 /* BiometricAuthenticationTests.swift */; };
		532169F12401F4BD00C9D2D2 /* aiDee.h in Headers */ = {isa = PBXBuildFile; fileRef = 532169E32401F4BD00C9D2D2 /* aiDee.h */; settings = {ATTRIBUTES = (Public, ); }; };
		53EA2DC724033EB20070D8BE /* BiometricError.swift in Sources */ = {isa = PBXBuildFile; fileRef = 53EA2DC324033EB20070D8BE /* BiometricError.swift */; };
		53EA2DC824033EB20070D8BE /* BiometricType.swift in Sources */ = {isa = PBXBuildFile; fileRef = 53EA2DC424033EB20070D8BE /* BiometricType.swift */; };
		53EA2DC924033EB20070D8BE /* BiometricAuthentication.swift in Sources */ = {isa = PBXBuildFile; fileRef = 53EA2DC524033EB20070D8BE /* BiometricAuthentication.swift */; };
		53EA2DCA24033EB20070D8BE /* BiometricResult.swift in Sources */ = {isa = PBXBuildFile; fileRef = 53EA2DC624033EB20070D8BE /* BiometricResult.swift */; };
		53EA2DCC2403434B0070D8BE /* MockLAContext.swift in Sources */ = {isa = PBXBuildFile; fileRef = 53EA2DCB2403434B0070D8BE /* MockLAContext.swift */; };
/* End PBXBuildFile section */

/* Begin PBXContainerItemProxy section */
		532169EB2401F4BD00C9D2D2 /* PBXContainerItemProxy */ = {
			isa = PBXContainerItemProxy;
			containerPortal = 532169D72401F4BD00C9D2D2 /* Project object */;
			proxyType = 1;
			remoteGlobalIDString = 532169DF2401F4BD00C9D2D2;
			remoteInfo = aiDee;
		};
/* End PBXContainerItemProxy section */

/* Begin PBXFileReference section */
		532169E02401F4BD00C9D2D2 /* aiDee.framework */ = {isa = PBXFileReference; explicitFileType = wrapper.framework; includeInIndex = 0; path = aiDee.framework; sourceTree = BUILT_PRODUCTS_DIR; };
		532169E32401F4BD00C9D2D2 /* aiDee.h */ = {isa = PBXFileReference; lastKnownFileType = sourcecode.c.h; path = aiDee.h; sourceTree = "<group>"; };
		532169E42401F4BD00C9D2D2 /* Info.plist */ = {isa = PBXFileReference; lastKnownFileType = text.plist.xml; path = Info.plist; sourceTree = "<group>"; };
		532169E92401F4BD00C9D2D2 /* aiDeeTests.xctest */ = {isa = PBXFileReference; explicitFileType = wrapper.cfbundle; includeInIndex = 0; path = aiDeeTests.xctest; sourceTree = BUILT_PRODUCTS_DIR; };
		532169EE2401F4BD00C9D2D2 /* BiometricAuthenticationTests.swift */ = {isa = PBXFileReference; lastKnownFileType = sourcecode.swift; path = BiometricAuthenticationTests.swift; sourceTree = "<group>"; };
		532169F02401F4BD00C9D2D2 /* Info.plist */ = {isa = PBXFileReference; lastKnownFileType = text.plist.xml; path = Info.plist; sourceTree = "<group>"; };
		53EA2DC324033EB20070D8BE /* BiometricError.swift */ = {isa = PBXFileReference; fileEncoding = 4; lastKnownFileType = sourcecode.swift; path = BiometricError.swift; sourceTree = "<group>"; };
		53EA2DC424033EB20070D8BE /* BiometricType.swift */ = {isa = PBXFileReference; fileEncoding = 4; lastKnownFileType = sourcecode.swift; path = BiometricType.swift; sourceTree = "<group>"; };
		53EA2DC524033EB20070D8BE /* BiometricAuthentication.swift */ = {isa = PBXFileReference; fileEncoding = 4; lastKnownFileType = sourcecode.swift; path = BiometricAuthentication.swift; sourceTree = "<group>"; };
		53EA2DC624033EB20070D8BE /* BiometricResult.swift */ = {isa = PBXFileReference; fileEncoding = 4; lastKnownFileType = sourcecode.swift; path = BiometricResult.swift; sourceTree = "<group>"; };
		53EA2DCB2403434B0070D8BE /* MockLAContext.swift */ = {isa = PBXFileReference; lastKnownFileType = sourcecode.swift; path = MockLAContext.swift; sourceTree = "<group>"; };
/* End PBXFileReference section */

/* Begin PBXFrameworksBuildPhase section */
		532169DD2401F4BD00C9D2D2 /* Frameworks */ = {
			isa = PBXFrameworksBuildPhase;
			buildActionMask = 2147483647;
			files = (
			);
			runOnlyForDeploymentPostprocessing = 0;
		};
		532169E62401F4BD00C9D2D2 /* Frameworks */ = {
			isa = PBXFrameworksBuildPhase;
			buildActionMask = 2147483647;
			files = (
				532169EA2401F4BD00C9D2D2 /* aiDee.framework in Frameworks */,
			);
			runOnlyForDeploymentPostprocessing = 0;
		};
/* End PBXFrameworksBuildPhase section */

/* Begin PBXGroup section */
		532169D62401F4BD00C9D2D2 = {
			isa = PBXGroup;
			children = (
				532169E22401F4BD00C9D2D2 /* aiDee */,
				532169ED2401F4BD00C9D2D2 /* aiDeeTests */,
				532169E12401F4BD00C9D2D2 /* Products */,
			);
			sourceTree = "<group>";
		};
		532169E12401F4BD00C9D2D2 /* Products */ = {
			isa = PBXGroup;
			children = (
				532169E02401F4BD00C9D2D2 /* aiDee.framework */,
				532169E92401F4BD00C9D2D2 /* aiDeeTests.xctest */,
			);
			name = Products;
			sourceTree = "<group>";
		};
		532169E22401F4BD00C9D2D2 /* aiDee */ = {
			isa = PBXGroup;
			children = (
				532169E32401F4BD00C9D2D2 /* aiDee.h */,
				53EA2DC524033EB20070D8BE /* BiometricAuthentication.swift */,
				53EA2DC324033EB20070D8BE /* BiometricError.swift */,
				53EA2DC624033EB20070D8BE /* BiometricResult.swift */,
				53EA2DC424033EB20070D8BE /* BiometricType.swift */,
				532169E42401F4BD00C9D2D2 /* Info.plist */,
			);
			path = aiDee;
			sourceTree = "<group>";
		};
		532169ED2401F4BD00C9D2D2 /* aiDeeTests */ = {
			isa = PBXGroup;
			children = (
				532169EE2401F4BD00C9D2D2 /* BiometricAuthenticationTests.swift */,
				53EA2DCB2403434B0070D8BE /* MockLAContext.swift */,
				532169F02401F4BD00C9D2D2 /* Info.plist */,
			);
			path = aiDeeTests;
			sourceTree = "<group>";
		};
/* End PBXGroup section */

/* Begin PBXHeadersBuildPhase section */
		532169DB2401F4BD00C9D2D2 /* Headers */ = {
			isa = PBXHeadersBuildPhase;
			buildActionMask = 2147483647;
			files = (
				532169F12401F4BD00C9D2D2 /* aiDee.h in Headers */,
			);
			runOnlyForDeploymentPostprocessing = 0;
		};
/* End PBXHeadersBuildPhase section */

/* Begin PBXNativeTarget section */
		532169DF2401F4BD00C9D2D2 /* aiDee */ = {
			isa = PBXNativeTarget;
			buildConfigurationList = 532169F42401F4BD00C9D2D2 /* Build configuration list for PBXNativeTarget "aiDee" */;
			buildPhases = (
				532169DB2401F4BD00C9D2D2 /* Headers */,
				532169DC2401F4BD00C9D2D2 /* Sources */,
				532169DD2401F4BD00C9D2D2 /* Frameworks */,
				532169DE2401F4BD00C9D2D2 /* Resources */,
			);
			buildRules = (
			);
			dependencies = (
			);
			name = aiDee;
			productName = aiDee;
			productReference = 532169E02401F4BD00C9D2D2 /* aiDee.framework */;
			productType = "com.apple.product-type.framework";
		};
		532169E82401F4BD00C9D2D2 /* aiDeeTests */ = {
			isa = PBXNativeTarget;
			buildConfigurationList = 532169F72401F4BD00C9D2D2 /* Build configuration list for PBXNativeTarget "aiDeeTests" */;
			buildPhases = (
				532169E52401F4BD00C9D2D2 /* Sources */,
				532169E62401F4BD00C9D2D2 /* Frameworks */,
				532169E72401F4BD00C9D2D2 /* Resources */,
			);
			buildRules = (
			);
			dependencies = (
				532169EC2401F4BD00C9D2D2 /* PBXTargetDependency */,
			);
			name = aiDeeTests;
			productName = aiDeeTests;
			productReference = 532169E92401F4BD00C9D2D2 /* aiDeeTests.xctest */;
			productType = "com.apple.product-type.bundle.unit-test";
		};
/* End PBXNativeTarget section */

/* Begin PBXProject section */
		532169D72401F4BD00C9D2D2 /* Project object */ = {
			isa = PBXProject;
			attributes = {
				LastSwiftUpdateCheck = 1120;
				LastUpgradeCheck = 1120;
				ORGANIZATIONNAME = "Jose Miguel Figueiredo";
				TargetAttributes = {
					532169DF2401F4BD00C9D2D2 = {
						CreatedOnToolsVersion = 11.2.1;
						LastSwiftMigration = 1120;
					};
					532169E82401F4BD00C9D2D2 = {
						CreatedOnToolsVersion = 11.2.1;
					};
				};
			};
			buildConfigurationList = 532169DA2401F4BD00C9D2D2 /* Build configuration list for PBXProject "aiDee" */;
			compatibilityVersion = "Xcode 9.3";
			developmentRegion = en;
			hasScannedForEncodings = 0;
			knownRegions = (
				en,
				Base,
			);
			mainGroup = 532169D62401F4BD00C9D2D2;
			productRefGroup = 532169E12401F4BD00C9D2D2 /* Products */;
			projectDirPath = "";
			projectRoot = "";
			targets = (
				532169DF2401F4BD00C9D2D2 /* aiDee */,
				532169E82401F4BD00C9D2D2 /* aiDeeTests */,
			);
		};
/* End PBXProject section */

/* Begin PBXResourcesBuildPhase section */
		532169DE2401F4BD00C9D2D2 /* Resources */ = {
			isa = PBXResourcesBuildPhase;
			buildActionMask = 2147483647;
			files = (
			);
			runOnlyForDeploymentPostprocessing = 0;
		};
		532169E72401F4BD00C9D2D2 /* Resources */ = {
			isa = PBXResourcesBuildPhase;
			buildActionMask = 2147483647;
			files = (
			);
			runOnlyForDeploymentPostprocessing = 0;
		};
/* End PBXResourcesBuildPhase section */

/* Begin PBXSourcesBuildPhase section */
		532169DC2401F4BD00C9D2D2 /* Sources */ = {
			isa = PBXSourcesBuildPhase;
			buildActionMask = 2147483647;
			files = (
				53EA2DC824033EB20070D8BE /* BiometricType.swift in Sources */,
				53EA2DCA24033EB20070D8BE /* BiometricResult.swift in Sources */,
				53EA2DC924033EB20070D8BE /* BiometricAuthentication.swift in Sources */,
				53EA2DC724033EB20070D8BE /* BiometricError.swift in Sources */,
			);
			runOnlyForDeploymentPostprocessing = 0;
		};
		532169E52401F4BD00C9D2D2 /* Sources */ = {
			isa = PBXSourcesBuildPhase;
			buildActionMask = 2147483647;
			files = (
				53EA2DCC2403434B0070D8BE /* MockLAContext.swift in Sources */,
				532169EF2401F4BD00C9D2D2 /* BiometricAuthenticationTests.swift in Sources */,
			);
			runOnlyForDeploymentPostprocessing = 0;
		};
/* End PBXSourcesBuildPhase section */

/* Begin PBXTargetDependency section */
		532169EC2401F4BD00C9D2D2 /* PBXTargetDependency */ = {
			isa = PBXTargetDependency;
			target = 532169DF2401F4BD00C9D2D2 /* aiDee */;
			targetProxy = 532169EB2401F4BD00C9D2D2 /* PBXContainerItemProxy */;
		};
/* End PBXTargetDependency section */

/* Begin XCBuildConfiguration section */
		532169F22401F4BD00C9D2D2 /* Debug */ = {
			isa = XCBuildConfiguration;
			buildSettings = {
				ALWAYS_SEARCH_USER_PATHS = NO;
				CLANG_ANALYZER_NONNULL = YES;
				CLANG_ANALYZER_NUMBER_OBJECT_CONVERSION = YES_AGGRESSIVE;
				CLANG_CXX_LANGUAGE_STANDARD = "gnu++14";
				CLANG_CXX_LIBRARY = "libc++";
				CLANG_ENABLE_MODULES = YES;
				CLANG_ENABLE_OBJC_ARC = YES;
				CLANG_ENABLE_OBJC_WEAK = YES;
				CLANG_WARN_BLOCK_CAPTURE_AUTORELEASING = YES;
				CLANG_WARN_BOOL_CONVERSION = YES;
				CLANG_WARN_COMMA = YES;
				CLANG_WARN_CONSTANT_CONVERSION = YES;
				CLANG_WARN_DEPRECATED_OBJC_IMPLEMENTATIONS = YES;
				CLANG_WARN_DIRECT_OBJC_ISA_USAGE = YES_ERROR;
				CLANG_WARN_DOCUMENTATION_COMMENTS = YES;
				CLANG_WARN_EMPTY_BODY = YES;
				CLANG_WARN_ENUM_CONVERSION = YES;
				CLANG_WARN_INFINITE_RECURSION = YES;
				CLANG_WARN_INT_CONVERSION = YES;
				CLANG_WARN_NON_LITERAL_NULL_CONVERSION = YES;
				CLANG_WARN_OBJC_IMPLICIT_RETAIN_SELF = YES;
				CLANG_WARN_OBJC_LITERAL_CONVERSION = YES;
				CLANG_WARN_OBJC_ROOT_CLASS = YES_ERROR;
				CLANG_WARN_RANGE_LOOP_ANALYSIS = YES;
				CLANG_WARN_STRICT_PROTOTYPES = YES;
				CLANG_WARN_SUSPICIOUS_MOVE = YES;
				CLANG_WARN_UNGUARDED_AVAILABILITY = YES_AGGRESSIVE;
				CLANG_WARN_UNREACHABLE_CODE = YES;
				CLANG_WARN__DUPLICATE_METHOD_MATCH = YES;
				COPY_PHASE_STRIP = NO;
				CURRENT_PROJECT_VERSION = 1;
				DEBUG_INFORMATION_FORMAT = dwarf;
				ENABLE_STRICT_OBJC_MSGSEND = YES;
				ENABLE_TESTABILITY = YES;
				GCC_C_LANGUAGE_STANDARD = gnu11;
				GCC_DYNAMIC_NO_PIC = NO;
				GCC_NO_COMMON_BLOCKS = YES;
				GCC_OPTIMIZATION_LEVEL = 0;
				GCC_PREPROCESSOR_DEFINITIONS = (
					"DEBUG=1",
					"$(inherited)",
				);
				GCC_WARN_64_TO_32_BIT_CONVERSION = YES;
				GCC_WARN_ABOUT_RETURN_TYPE = YES_ERROR;
				GCC_WARN_UNDECLARED_SELECTOR = YES;
				GCC_WARN_UNINITIALIZED_AUTOS = YES_AGGRESSIVE;
				GCC_WARN_UNUSED_FUNCTION = YES;
				GCC_WARN_UNUSED_VARIABLE = YES;
				IPHONEOS_DEPLOYMENT_TARGET = 11.0;
				MTL_ENABLE_DEBUG_INFO = INCLUDE_SOURCE;
				MTL_FAST_MATH = YES;
				ONLY_ACTIVE_ARCH = YES;
				SDKROOT = iphoneos;
				SWIFT_ACTIVE_COMPILATION_CONDITIONS = DEBUG;
				SWIFT_OPTIMIZATION_LEVEL = "-Onone";
				VERSIONING_SYSTEM = "apple-generic";
				VERSION_INFO_PREFIX = "";
			};
			name = Debug;
		};
		532169F32401F4BD00C9D2D2 /* Release */ = {
			isa = XCBuildConfiguration;
			buildSettings = {
				ALWAYS_SEARCH_USER_PATHS = NO;
				CLANG_ANALYZER_NONNULL = YES;
				CLANG_ANALYZER_NUMBER_OBJECT_CONVERSION = YES_AGGRESSIVE;
				CLANG_CXX_LANGUAGE_STANDARD = "gnu++14";
				CLANG_CXX_LIBRARY = "libc++";
				CLANG_ENABLE_MODULES = YES;
				CLANG_ENABLE_OBJC_ARC = YES;
				CLANG_ENABLE_OBJC_WEAK = YES;
				CLANG_WARN_BLOCK_CAPTURE_AUTORELEASING = YES;
				CLANG_WARN_BOOL_CONVERSION = YES;
				CLANG_WARN_COMMA = YES;
				CLANG_WARN_CONSTANT_CONVERSION = YES;
				CLANG_WARN_DEPRECATED_OBJC_IMPLEMENTATIONS = YES;
				CLANG_WARN_DIRECT_OBJC_ISA_USAGE = YES_ERROR;
				CLANG_WARN_DOCUMENTATION_COMMENTS = YES;
				CLANG_WARN_EMPTY_BODY = YES;
				CLANG_WARN_ENUM_CONVERSION = YES;
				CLANG_WARN_INFINITE_RECURSION = YES;
				CLANG_WARN_INT_CONVERSION = YES;
				CLANG_WARN_NON_LITERAL_NULL_CONVERSION = YES;
				CLANG_WARN_OBJC_IMPLICIT_RETAIN_SELF = YES;
				CLANG_WARN_OBJC_LITERAL_CONVERSION = YES;
				CLANG_WARN_OBJC_ROOT_CLASS = YES_ERROR;
				CLANG_WARN_RANGE_LOOP_ANALYSIS = YES;
				CLANG_WARN_STRICT_PROTOTYPES = YES;
				CLANG_WARN_SUSPICIOUS_MOVE = YES;
				CLANG_WARN_UNGUARDED_AVAILABILITY = YES_AGGRESSIVE;
				CLANG_WARN_UNREACHABLE_CODE = YES;
				CLANG_WARN__DUPLICATE_METHOD_MATCH = YES;
				COPY_PHASE_STRIP = NO;
				CURRENT_PROJECT_VERSION = 1;
				DEBUG_INFORMATION_FORMAT = "dwarf-with-dsym";
				ENABLE_NS_ASSERTIONS = NO;
				ENABLE_STRICT_OBJC_MSGSEND = YES;
				GCC_C_LANGUAGE_STANDARD = gnu11;
				GCC_NO_COMMON_BLOCKS = YES;
				GCC_WARN_64_TO_32_BIT_CONVERSION = YES;
				GCC_WARN_ABOUT_RETURN_TYPE = YES_ERROR;
				GCC_WARN_UNDECLARED_SELECTOR = YES;
				GCC_WARN_UNINITIALIZED_AUTOS = YES_AGGRESSIVE;
				GCC_WARN_UNUSED_FUNCTION = YES;
				GCC_WARN_UNUSED_VARIABLE = YES;
				IPHONEOS_DEPLOYMENT_TARGET = 11.0;
				MTL_ENABLE_DEBUG_INFO = NO;
				MTL_FAST_MATH = YES;
				SDKROOT = iphoneos;
				SWIFT_COMPILATION_MODE = wholemodule;
				SWIFT_OPTIMIZATION_LEVEL = "-O";
				VALIDATE_PRODUCT = YES;
				VERSIONING_SYSTEM = "apple-generic";
				VERSION_INFO_PREFIX = "";
			};
			name = Release;
		};
		532169F52401F4BD00C9D2D2 /* Debug */ = {
			isa = XCBuildConfiguration;
			buildSettings = {
				CLANG_ENABLE_MODULES = YES;
				CODE_SIGN_STYLE = Automatic;
				DEFINES_MODULE = YES;
				DYLIB_COMPATIBILITY_VERSION = 1;
				DYLIB_CURRENT_VERSION = 1;
				DYLIB_INSTALL_NAME_BASE = "@rpath";
				INFOPLIST_FILE = aiDee/Info.plist;
				INSTALL_PATH = "$(LOCAL_LIBRARY_DIR)/Frameworks";
				IPHONEOS_DEPLOYMENT_TARGET = 11.0;
				LD_RUNPATH_SEARCH_PATHS = (
					"$(inherited)",
					"@executable_path/Frameworks",
					"@loader_path/Frameworks",
				);
				PRODUCT_BUNDLE_IDENTIFIER = com.josefigueiredo.aiDee;
				PRODUCT_NAME = "$(TARGET_NAME:c99extidentifier)";
				SKIP_INSTALL = YES;
				SWIFT_OPTIMIZATION_LEVEL = "-Onone";
				SWIFT_VERSION = 5.0;
				TARGETED_DEVICE_FAMILY = "1,2";
			};
			name = Debug;
		};
		532169F62401F4BD00C9D2D2 /* Release */ = {
			isa = XCBuildConfiguration;
			buildSettings = {
				CLANG_ENABLE_MODULES = YES;
				CODE_SIGN_STYLE = Automatic;
				DEFINES_MODULE = YES;
				DYLIB_COMPATIBILITY_VERSION = 1;
				DYLIB_CURRENT_VERSION = 1;
				DYLIB_INSTALL_NAME_BASE = "@rpath";
				INFOPLIST_FILE = aiDee/Info.plist;
				INSTALL_PATH = "$(LOCAL_LIBRARY_DIR)/Frameworks";
				IPHONEOS_DEPLOYMENT_TARGET = 11.0;
				LD_RUNPATH_SEARCH_PATHS = (
					"$(inherited)",
					"@executable_path/Frameworks",
					"@loader_path/Frameworks",
				);
				PRODUCT_BUNDLE_IDENTIFIER = com.josefigueiredo.aiDee;
				PRODUCT_NAME = "$(TARGET_NAME:c99extidentifier)";
				SKIP_INSTALL = YES;
				SWIFT_VERSION = 5.0;
				TARGETED_DEVICE_FAMILY = "1,2";
			};
			name = Release;
		};
		532169F82401F4BD00C9D2D2 /* Debug */ = {
			isa = XCBuildConfiguration;
			buildSettings = {
				ALWAYS_EMBED_SWIFT_STANDARD_LIBRARIES = YES;
				CODE_SIGN_STYLE = Automatic;
				INFOPLIST_FILE = aiDeeTests/Info.plist;
				LD_RUNPATH_SEARCH_PATHS = (
					"$(inherited)",
					"@executable_path/Frameworks",
					"@loader_path/Frameworks",
				);
				PRODUCT_BUNDLE_IDENTIFIER = com.josefigueiredo.aiDeeTests;
				PRODUCT_NAME = "$(TARGET_NAME)";
				SWIFT_VERSION = 5.0;
				TARGETED_DEVICE_FAMILY = "1,2";
			};
			name = Debug;
		};
		532169F92401F4BD00C9D2D2 /* Release */ = {
			isa = XCBuildConfiguration;
			buildSettings = {
				ALWAYS_EMBED_SWIFT_STANDARD_LIBRARIES = YES;
				CODE_SIGN_STYLE = Automatic;
				INFOPLIST_FILE = aiDeeTests/Info.plist;
				LD_RUNPATH_SEARCH_PATHS = (
					"$(inherited)",
					"@executable_path/Frameworks",
					"@loader_path/Frameworks",
				);
				PRODUCT_BUNDLE_IDENTIFIER = com.josefigueiredo.aiDeeTests;
				PRODUCT_NAME = "$(TARGET_NAME)";
				SWIFT_VERSION = 5.0;
				TARGETED_DEVICE_FAMILY = "1,2";
			};
			name = Release;
		};
/* End XCBuildConfiguration section */

/* Begin XCConfigurationList section */
		532169DA2401F4BD00C9D2D2 /* Build configuration list for PBXProject "aiDee" */ = {
			isa = XCConfigurationList;
			buildConfigurations = (
				532169F22401F4BD00C9D2D2 /* Debug */,
				532169F32401F4BD00C9D2D2 /* Release */,
			);
			defaultConfigurationIsVisible = 0;
			defaultConfigurationName = Release;
		};
		532169F42401F4BD00C9D2D2 /* Build configuration list for PBXNativeTarget "aiDee" */ = {
			isa = XCConfigurationList;
			buildConfigurations = (
				532169F52401F4BD00C9D2D2 /* Debug */,
				532169F62401F4BD00C9D2D2 /* Release */,
			);
			defaultConfigurationIsVisible = 0;
			defaultConfigurationName = Release;
		};
		532169F72401F4BD00C9D2D2 /* Build configuration list for PBXNativeTarget "aiDeeTests" */ = {
			isa = XCConfigurationList;
			buildConfigurations = (
				532169F82401F4BD00C9D2D2 /* Debug */,
				532169F92401F4BD00C9D2D2 /* Release */,
			);
			defaultConfigurationIsVisible = 0;
			defaultConfigurationName = Release;
		};
/* End XCConfigurationList section */
	};
	rootObject = 532169D72401F4BD00C9D2D2 /* Project object */;
}
